<?xml version="1.0" encoding="utf-8"?>
<Project ToolsVersion="4.0" xmlns="http://schemas.microsoft.com/developer/msbuild/2003">
  <ItemGroup>
    <ClCompile Include="j1Window.cpp">
      <Filter>Desenvolupament  ========\Modules</Filter>
    </ClCompile>
    <ClCompile Include="j1Audio.cpp">
      <Filter>Desenvolupament  ========\Modules</Filter>
    </ClCompile>
    <ClCompile Include="j1App.cpp">
      <Filter>Desenvolupament  ========</Filter>
    </ClCompile>
    <ClCompile Include="j1Input.cpp">
      <Filter>Desenvolupament  ========\Modules</Filter>
    </ClCompile>
    <ClCompile Include="j1Main.cpp">
      <Filter>Desenvolupament  ========</Filter>
    </ClCompile>
    <ClCompile Include="j1Render.cpp">
      <Filter>Desenvolupament  ========\Modules</Filter>
    </ClCompile>
    <ClCompile Include="j1Textures.cpp">
      <Filter>Desenvolupament  ========\Modules</Filter>
    </ClCompile>
    <ClCompile Include="p2Log.cpp">
      <Filter>Programacio 2 ===========</Filter>
    </ClCompile>
    <ClCompile Include="j1Scene.cpp">
      <Filter>Desenvolupament  ========\Scenes</Filter>
    </ClCompile>
    <ClCompile Include="PugiXml\src\pugixml.cpp">
      <Filter>Desenvolupament  ========\Tools\PuguiXML</Filter>
    </ClCompile>
    <ClCompile Include="j1Map.cpp">
      <Filter>Desenvolupament  ========\Modules</Filter>
    </ClCompile>
    <ClCompile Include="j1EntityController.cpp">
      <Filter>Desenvolupament  ========\Modules</Filter>
    </ClCompile>
    <ClCompile Include="j1PerfTimer.cpp">
      <Filter>Desenvolupament  ========\Tools</Filter>
    </ClCompile>
    <ClCompile Include="j1Timer.cpp">
      <Filter>Desenvolupament  ========\Tools</Filter>
    </ClCompile>
    <ClCompile Include="j1Pathfinding.cpp">
      <Filter>Desenvolupament  ========\Modules</Filter>
    </ClCompile>
    <ClCompile Include="j1Fonts.cpp">
      <Filter>Desenvolupament  ========\Modules</Filter>
    </ClCompile>
    <ClCompile Include="j1SceneSwitch.cpp">
      <Filter>Desenvolupament  ========\Modules</Filter>
    </ClCompile>
    <ClCompile Include="Building.cpp">
      <Filter>Desenvolupament  ========\Entities</Filter>
    </ClCompile>
    <ClCompile Include="Effects.cpp">
      <Filter>Desenvolupament  ========\Entities</Filter>
    </ClCompile>
    <ClCompile Include="Hero.cpp">
      <Filter>Desenvolupament  ========\Entities</Filter>
    </ClCompile>
    <ClCompile Include="Skills.cpp">
      <Filter>Desenvolupament  ========\Entities</Filter>
    </ClCompile>
    <ClCompile Include="Unit.cpp">
      <Filter>Desenvolupament  ========\Entities</Filter>
    </ClCompile>
    <ClCompile Include="Squad.cpp">
      <Filter>Desenvolupament  ========\Entities</Filter>
    </ClCompile>
    <ClCompile Include="Command.cpp">
      <Filter>Desenvolupament  ========\Entities</Filter>
    </ClCompile>
    <ClCompile Include="p2Animation.cpp">
      <Filter>Desenvolupament  ========\Tools</Filter>
    </ClCompile>
    <ClCompile Include="UI_Button.cpp">
      <Filter>Desenvolupament  ========\GUI\Basic UI Elements</Filter>
    </ClCompile>
    <ClCompile Include="UI_Chrono.cpp">
      <Filter>Desenvolupament  ========\GUI\Basic UI Elements</Filter>
    </ClCompile>
    <ClCompile Include="UI_Image.cpp">
      <Filter>Desenvolupament  ========\GUI\Basic UI Elements</Filter>
    </ClCompile>
    <ClCompile Include="UI_ProgressBar.cpp">
      <Filter>Desenvolupament  ========\GUI\Basic UI Elements</Filter>
    </ClCompile>
    <ClCompile Include="UI_Text.cpp">
      <Filter>Desenvolupament  ========\GUI\Basic UI Elements</Filter>
    </ClCompile>
    <ClCompile Include="UI_Window.cpp">
      <Filter>Desenvolupament  ========\GUI\Basic UI Elements</Filter>
    </ClCompile>
    <ClCompile Include="j1Gui.cpp">
      <Filter>Desenvolupament  ========\Modules</Filter>
    </ClCompile>
    <ClCompile Include="j1UIScene.cpp">
      <Filter>Desenvolupament  ========\Scenes</Filter>
    </ClCompile>
    <ClCompile Include="UI_element.cpp">
      <Filter>Desenvolupament  ========\GUI\Basic UI Elements</Filter>
    </ClCompile>
    <ClCompile Include="j1Console.cpp">
      <Filter>Desenvolupament  ========\Modules</Filter>
    </ClCompile>
    <ClCompile Include="UI_IngameMenu.cpp">
      <Filter>Desenvolupament  ========\GUI\Compund Elements</Filter>
    </ClCompile>
    <ClCompile Include="UI_LifeBar.cpp">
      <Filter>Desenvolupament  ========\GUI\Compund Elements</Filter>
    </ClCompile>
    <ClCompile Include="UI_IngameMenu.cpp">
      <Filter>Desenvolupament  ========\GUI\Compund Elements</Filter>
    </ClCompile>
    <ClCompile Include="j1ActionsController.cpp">
      <Filter>Desenvolupament  ========\Modules</Filter>
    </ClCompile>
    <ClCompile Include="UI_CostDisplay.cpp">
      <Filter>Desenvolupament  ========\GUI\Compund Elements</Filter>
    </ClCompile>
    <ClCompile Include="j1WaveController.cpp">
      <Filter>Desenvolupament  ========\Modules</Filter>
    </ClCompile>
    <ClCompile Include="UI_WarningMessages.cpp">
      <Filter>Desenvolupament  ========\GUI\Compund Elements</Filter>
    </ClCompile>
    <ClCompile Include="Minimap.cpp">
      <Filter>Desenvolupament  ========\GUI\Minimap</Filter>
    </ClCompile>
    <ClCompile Include="UI_NextWaveWindow.cpp">
      <Filter>Desenvolupament  ========\GUI\Compund Elements</Filter>
    </ClCompile>
    <ClCompile Include="j1ParticleController.cpp">
      <Filter>Desenvolupament  ========\Modules</Filter>
    </ClCompile>
    <ClCompile Include="UI_SelectionDisplay.cpp">
      <Filter>Desenvolupament  ========\GUI\Compund Elements\Ingame Menu components</Filter>
    </ClCompile>
    <ClCompile Include="UI_InfoTable.cpp">
      <Filter>Desenvolupament  ========\GUI\Compund Elements\Ingame Menu components</Filter>
    </ClCompile>
    <ClCompile Include="Quadtree.cpp">
      <Filter>Desenvolupament  ========\Tools</Filter>
    </ClCompile>
    <ClCompile Include="UI_WorkersDisplay.cpp">
      <Filter>Desenvolupament  ========\GUI\Compund Elements</Filter>
    </ClCompile>
    <ClCompile Include="UI_CooldownsDisplay.cpp">
      <Filter>Desenvolupament  ========\GUI\Compund Elements</Filter>
    </ClCompile>
  </ItemGroup>
  <ItemGroup>
    <ClInclude Include="j1Window.h">
      <Filter>Desenvolupament  ========\Modules</Filter>
    </ClInclude>
    <ClInclude Include="j1Audio.h">
      <Filter>Desenvolupament  ========\Modules</Filter>
    </ClInclude>
    <ClInclude Include="j1App.h">
      <Filter>Desenvolupament  ========</Filter>
    </ClInclude>
    <ClInclude Include="j1Input.h">
      <Filter>Desenvolupament  ========\Modules</Filter>
    </ClInclude>
    <ClInclude Include="j1Module.h">
      <Filter>Desenvolupament  ========</Filter>
    </ClInclude>
    <ClInclude Include="j1Render.h">
      <Filter>Desenvolupament  ========\Modules</Filter>
    </ClInclude>
    <ClInclude Include="j1Textures.h">
      <Filter>Desenvolupament  ========\Modules</Filter>
    </ClInclude>
    <ClInclude Include="p2Defs.h">
      <Filter>Programacio 2 ===========</Filter>
    </ClInclude>
    <ClInclude Include="p2Log.h">
      <Filter>Programacio 2 ===========</Filter>
    </ClInclude>
    <ClInclude Include="p2Point.h">
      <Filter>Programacio 2 ===========</Filter>
    </ClInclude>
    <ClInclude Include="j1Scene.h">
      <Filter>Desenvolupament  ========\Scenes</Filter>
    </ClInclude>
    <ClInclude Include="PugiXml\src\pugiconfig.hpp">
      <Filter>Desenvolupament  ========\Tools\PuguiXML</Filter>
    </ClInclude>
    <ClInclude Include="PugiXml\src\pugixml.hpp">
      <Filter>Desenvolupament  ========\Tools\PuguiXML</Filter>
    </ClInclude>
    <ClInclude Include="j1Map.h">
      <Filter>Desenvolupament  ========\Modules</Filter>
    </ClInclude>
    <ClInclude Include="j1EntityController.h">
      <Filter>Desenvolupament  ========\Modules</Filter>
    </ClInclude>
    <ClInclude Include="Entity.h">
      <Filter>Desenvolupament  ========\Entities</Filter>
    </ClInclude>
    <ClInclude Include="j1PerfTimer.h">
      <Filter>Desenvolupament  ========\Tools</Filter>
    </ClInclude>
    <ClInclude Include="j1Timer.h">
      <Filter>Desenvolupament  ========\Tools</Filter>
    </ClInclude>
    <ClInclude Include="j1Pathfinding.h">
      <Filter>Desenvolupament  ========\Modules</Filter>
    </ClInclude>
    <ClInclude Include="j1Fonts.h">
      <Filter>Desenvolupament  ========\Modules</Filter>
    </ClInclude>
    <ClInclude Include="j1SceneSwitch.h">
      <Filter>Desenvolupament  ========\Modules</Filter>
    </ClInclude>
    <ClInclude Include="Unit.h">
      <Filter>Desenvolupament  ========\Entities</Filter>
    </ClInclude>
    <ClInclude Include="Color.h">
      <Filter>Desenvolupament  ========\Tools</Filter>
    </ClInclude>
    <ClInclude Include="Building.h">
      <Filter>Desenvolupament  ========\Entities</Filter>
    </ClInclude>
    <ClInclude Include="Hero.h">
      <Filter>Desenvolupament  ========\Entities</Filter>
    </ClInclude>
    <ClInclude Include="Squad.h">
      <Filter>Desenvolupament  ========\Entities</Filter>
    </ClInclude>
    <ClInclude Include="Skills.h">
      <Filter>Desenvolupament  ========\Entities</Filter>
    </ClInclude>
    <ClInclude Include="Effects.h">
      <Filter>Desenvolupament  ========\Entities</Filter>
    </ClInclude>
    <ClInclude Include="Command.h">
      <Filter>Desenvolupament  ========\Entities</Filter>
    </ClInclude>
    <ClInclude Include="p2Animation.h">
      <Filter>Desenvolupament  ========\Tools</Filter>
    </ClInclude>
    <ClInclude Include="UI_Button.h">
      <Filter>Desenvolupament  ========\GUI\Basic UI Elements</Filter>
    </ClInclude>
    <ClInclude Include="UI_Chrono.h">
      <Filter>Desenvolupament  ========\GUI\Basic UI Elements</Filter>
    </ClInclude>
    <ClInclude Include="UI_element.h">
      <Filter>Desenvolupament  ========\GUI\Basic UI Elements</Filter>
    </ClInclude>
    <ClInclude Include="UI_Image.h">
      <Filter>Desenvolupament  ========\GUI\Basic UI Elements</Filter>
    </ClInclude>
    <ClInclude Include="UI_ProgressBar.h">
      <Filter>Desenvolupament  ========\GUI\Basic UI Elements</Filter>
    </ClInclude>
    <ClInclude Include="UI_Text.h">
      <Filter>Desenvolupament  ========\GUI\Basic UI Elements</Filter>
    </ClInclude>
    <ClInclude Include="UI_Window.h">
      <Filter>Desenvolupament  ========\GUI\Basic UI Elements</Filter>
    </ClInclude>
    <ClInclude Include="j1Gui.h">
      <Filter>Desenvolupament  ========\Modules</Filter>
    </ClInclude>
    <ClInclude Include="j1UIScene.h">
      <Filter>Desenvolupament  ========\Scenes</Filter>
    </ClInclude>
    <ClInclude Include="UI_IngameMenu.h">
      <Filter>Desenvolupament  ========\GUI\Compund Elements</Filter>
    </ClInclude>
    <ClInclude Include="j1Console.h">
      <Filter>Desenvolupament  ========\Modules</Filter>
    </ClInclude>
    <ClInclude Include="UI_LifeBar.h">
      <Filter>Desenvolupament  ========\GUI\Compund Elements</Filter>
    </ClInclude>
    <ClInclude Include="j1ActionsController.h">
      <Filter>Desenvolupament  ========\Modules</Filter>
    </ClInclude>
    <ClInclude Include="UI_CostDisplay.h">
      <Filter>Desenvolupament  ========\GUI\Compund Elements</Filter>
    </ClInclude>
    <ClInclude Include="j1WaveController.h">
      <Filter>Desenvolupament  ========\Modules</Filter>
    </ClInclude>
    <ClInclude Include="UI_WarningMessages.h">
      <Filter>Desenvolupament  ========\GUI\Compund Elements</Filter>
    </ClInclude>
    <ClInclude Include="Minimap.h">
      <Filter>Desenvolupament  ========\GUI\Minimap</Filter>
    </ClInclude>
    <ClInclude Include="UI_NextWaveWindow.h">
      <Filter>Desenvolupament  ========\GUI\Compund Elements</Filter>
    </ClInclude>
    <ClInclude Include="j1ParticleController.h">
      <Filter>Desenvolupament  ========\Modules</Filter>
    </ClInclude>
    <ClInclude Include="resource.h" />
    <ClInclude Include="UI_SelectionDisplay.h">
      <Filter>Desenvolupament  ========\GUI\Compund Elements\Ingame Menu components</Filter>
    </ClInclude>
    <ClInclude Include="UI_InfoTable.h">
      <Filter>Desenvolupament  ========\GUI\Compund Elements\Ingame Menu components</Filter>
    </ClInclude>
    <ClInclude Include="Quadtree.h">
      <Filter>Desenvolupament  ========\Tools</Filter>
    </ClInclude>
    <ClInclude Include="UI_WorkersDisplay.h">
      <Filter>Desenvolupament  ========\GUI\Compund Elements</Filter>
    </ClInclude>
    <ClInclude Include="UI_CooldownsDisplay.h">
      <Filter>Desenvolupament  ========\GUI\Compund Elements</Filter>
    </ClInclude>
  </ItemGroup>
  <ItemGroup>
    <Filter Include="Programacio 2 ===========">
      <UniqueIdentifier>{a8bfab6a-5472-4969-943e-861a8b493f08}</UniqueIdentifier>
    </Filter>
    <Filter Include="Desenvolupament  ========">
      <UniqueIdentifier>{cb944693-b9d0-484c-bad2-02d5a7cdbec6}</UniqueIdentifier>
    </Filter>
    <Filter Include="Desenvolupament  ========\Tools">
      <UniqueIdentifier>{42c748be-4a37-49de-970f-5be811d06b38}</UniqueIdentifier>
    </Filter>
    <Filter Include="Desenvolupament  ========\Scenes">
      <UniqueIdentifier>{e07660eb-d36f-4cc9-af59-324d31c2f2f6}</UniqueIdentifier>
    </Filter>
    <Filter Include="Desenvolupament  ========\Modules">
      <UniqueIdentifier>{244722d1-90ce-423d-8e7a-556211865a32}</UniqueIdentifier>
    </Filter>
    <Filter Include="Desenvolupament  ========\Tools\PuguiXML">
      <UniqueIdentifier>{7cb78d67-17cc-45eb-af97-e2106becce7b}</UniqueIdentifier>
    </Filter>
    <Filter Include="Desenvolupament  ========\Files">
      <UniqueIdentifier>{ddaf4ad4-59f7-4824-92c2-0f1d99104b38}</UniqueIdentifier>
    </Filter>
    <Filter Include="Desenvolupament  ========\Entities">
      <UniqueIdentifier>{cb479061-eae6-44a1-acb6-29edb60003aa}</UniqueIdentifier>
    </Filter>
    <Filter Include="Desenvolupament  ========\GUI">
      <UniqueIdentifier>{189cc345-0869-48d4-b5bb-24a02adad0ac}</UniqueIdentifier>
    </Filter>
    <Filter Include="Desenvolupament  ========\GUI\Compund Elements">
      <UniqueIdentifier>{6b01f619-eb9c-4365-9f0a-28677c8ae1a4}</UniqueIdentifier>
    </Filter>
    <Filter Include="Desenvolupament  ========\GUI\Basic UI Elements">
      <UniqueIdentifier>{35e96c29-4c6f-4b2e-819c-81d75beb2966}</UniqueIdentifier>
    </Filter>
    <Filter Include="Desenvolupament  ========\GUI\Minimap">
      <UniqueIdentifier>{8cd7f751-f093-4ff7-8144-382d182b9e8b}</UniqueIdentifier>
    </Filter>
    <Filter Include="Desenvolupament  ========\GUI\Compund Elements\Ingame Menu components">
      <UniqueIdentifier>{8690d753-37b0-4fe2-a3bd-c4bce765d460}</UniqueIdentifier>
    </Filter>
  </ItemGroup>
  <ItemGroup>
    <None Include="..\Game\save_file.tmx">
      <Filter>Desenvolupament  ========\Files</Filter>
    </None>
    <None Include="..\Game\maps\map1.tmx">
      <Filter>Desenvolupament  ========\Files</Filter>
    </None>
  </ItemGroup>
  <ItemGroup>
    <Xml Include="..\Game\config.xml">
      <Filter>Desenvolupament  ========\Files</Filter>
    </Xml>
    <Xml Include="..\Game\Gui_config.xml">
      <Filter>Desenvolupament  ========\Files</Filter>
    </Xml>
    <Xml Include="..\Game\GameData.xml">
      <Filter>Desenvolupament  ========\Files</Filter>
    </Xml>
  </ItemGroup>
  <ItemGroup>
    <ResourceCompile Include="Project2.rc" />
  </ItemGroup>
  <ItemGroup>
    <Image Include="..\Game\gui\Application icon.ico" />
  </ItemGroup>
</Project>